
Microsoft Visual Studio Solution File, Format Version 12.00
# Visual Studio Version 17
VisualStudioVersion = 17.9.34723.18
MinimumVisualStudioVersion = 10.0.40219.1
Project("{FAE04EC0-301F-11D3-BF4B-00C04F79EFBC}") = "TccCantina.Android", "TccCantina\TccCantina.Android\TccCantina.Android.csproj", "{94A2DB83-59D5-45EF-9F15-C639285785F8}"
EndProject
Project("{9A19103F-16F7-4668-BE54-9A1E7A4F7556}") = "TccCantina", "TccCantina\TccCantina\TccCantina.csproj", "{FAB3B8DD-4236-4341-A6D4-128809FD6788}"
EndProject
Global
	GlobalSection(SolutionConfigurationPlatforms) = preSolution
		Debug|Any CPU = Debug|Any CPU
		Release|Any CPU = Release|Any CPU
	EndGlobalSection
	GlobalSection(ProjectConfigurationPlatforms) = postSolution
		{94A2DB83-59D5-45EF-9F15-C639285785F8}.Debug|Any CPU.ActiveCfg = Debug|Any CPU
		{94A2DB83-59D5-45EF-9F15-C639285785F8}.Debug|Any CPU.Build.0 = Debug|Any CPU
		{94A2DB83-59D5-45EF-9F15-C639285785F8}.Debug|Any CPU.Deploy.0 = Debug|Any CPU
		{94A2DB83-59D5-45EF-9F15-C639285785F8}.Release|Any CPU.ActiveCfg = Release|Any CPU
		{94A2DB83-59D5-45EF-9F15-C639285785F8}.Release|Any CPU.Build.0 = Release|Any CPU
		{94A2DB83-59D5-45EF-9F15-C639285785F8}.Release|Any CPU.Deploy.0 = Release|Any CPU
		{FAB3B8DD-4236-4341-A6D4-128809FD6788}.Debug|Any CPU.ActiveCfg = Debug|Any CPU
		{FAB3B8DD-4236-4341-A6D4-128809FD6788}.Debug|Any CPU.Build.0 = Debug|Any CPU
		{FAB3B8DD-4236-4341-A6D4-128809FD6788}.Debug|Any CPU.Deploy.0 = Debug|Any CPU
		{FAB3B8DD-4236-4341-A6D4-128809FD6788}.Release|Any CPU.ActiveCfg = Release|Any CPU
		{FAB3B8DD-4236-4341-A6D4-128809FD6788}.Release|Any CPU.Build.0 = Release|Any CPU
		{FAB3B8DD-4236-4341-A6D4-128809FD6788}.Release|Any CPU.Deploy.0 = Release|Any CPU
	EndGlobalSection
	GlobalSection(SolutionProperties) = preSolution
		HideSolutionNode = FALSE
	EndGlobalSection
	GlobalSection(ExtensibilityGlobals) = postSolution
		SolutionGuid = {B262C7B9-ADAB-495B-AB72-7CD5C55577E8}
	EndGlobalSection
EndGlobal
